
Microsoft Visual Studio Solution File, Format Version 12.00
# Visual Studio Version 17
VisualStudioVersion = 17.10.35013.160
MinimumVisualStudioVersion = 10.0.40219.1
Project("{FAE04EC0-301F-11D3-BF4B-00C04F79EFBC}") = "OodHelper.net", "OodHelper.net\OodHelper.net.csproj", "{EEAC0779-A0D7-4584-BBEC-F593A61EEB5A}"
EndProject
Project("{54435603-DBB4-11D2-8724-00A0C9A8B90C}") = "OodHelperSetup", "OodHelperSetup\OodHelperSetup.vdproj", "{C37E6F9B-30C4-4CE1-892E-26694E72F29A}"
EndProject
Global
	GlobalSection(SolutionConfigurationPlatforms) = preSolution
		Debug|Any CPU = Debug|Any CPU
		Debug|Mixed Platforms = Debug|Mixed Platforms
		Debug|x86 = Debug|x86
		Release|Any CPU = Release|Any CPU
		Release|Mixed Platforms = Release|Mixed Platforms
		Release|x86 = Release|x86
	EndGlobalSection
	GlobalSection(ProjectConfigurationPlatforms) = postSolution
		{EEAC0779-A0D7-4584-BBEC-F593A61EEB5A}.Debug|Any CPU.ActiveCfg = Debug|Any CPU
		{EEAC0779-A0D7-4584-BBEC-F593A61EEB5A}.Debug|Any CPU.Build.0 = Debug|Any CPU
		{EEAC0779-A0D7-4584-BBEC-F593A61EEB5A}.Debug|Mixed Platforms.ActiveCfg = Debug|x86
		{EEAC0779-A0D7-4584-BBEC-F593A61EEB5A}.Debug|Mixed Platforms.Build.0 = Debug|x86
		{EEAC0779-A0D7-4584-BBEC-F593A61EEB5A}.Debug|x86.ActiveCfg = Debug|x86
		{EEAC0779-A0D7-4584-BBEC-F593A61EEB5A}.Debug|x86.Build.0 = Debug|x86
		{EEAC0779-A0D7-4584-BBEC-F593A61EEB5A}.Release|Any CPU.ActiveCfg = Release|Any CPU
		{EEAC0779-A0D7-4584-BBEC-F593A61EEB5A}.Release|Any CPU.Build.0 = Release|Any CPU
		{EEAC0779-A0D7-4584-BBEC-F593A61EEB5A}.Release|Mixed Platforms.ActiveCfg = Release|x86
		{EEAC0779-A0D7-4584-BBEC-F593A61EEB5A}.Release|Mixed Platforms.Build.0 = Release|x86
		{EEAC0779-A0D7-4584-BBEC-F593A61EEB5A}.Release|x86.ActiveCfg = Release|x86
		{EEAC0779-A0D7-4584-BBEC-F593A61EEB5A}.Release|x86.Build.0 = Release|x86
		{C37E6F9B-30C4-4CE1-892E-26694E72F29A}.Debug|Any CPU.ActiveCfg = Debug
		{C37E6F9B-30C4-4CE1-892E-26694E72F29A}.Debug|Mixed Platforms.ActiveCfg = Debug
		{C37E6F9B-30C4-4CE1-892E-26694E72F29A}.Debug|x86.ActiveCfg = Debug
		{C37E6F9B-30C4-4CE1-892E-26694E72F29A}.Release|Any CPU.ActiveCfg = Release
		{C37E6F9B-30C4-4CE1-892E-26694E72F29A}.Release|Mixed Platforms.ActiveCfg = Release
		{C37E6F9B-30C4-4CE1-892E-26694E72F29A}.Release|x86.ActiveCfg = Release
	EndGlobalSection
	GlobalSection(SolutionProperties) = preSolution
		HideSolutionNode = FALSE
	EndGlobalSection
	GlobalSection(ExtensibilityGlobals) = postSolution
		SolutionGuid = {E621359B-E45C-4B03-8568-954EB41E127A}
	EndGlobalSection
EndGlobal
